
Microsoft Visual Studio Solution File, Format Version 12.00
# Visual Studio Version 17
VisualStudioVersion = 17.0.31903.59
MinimumVisualStudioVersion = 10.0.40219.1
Project("{9A19103F-16F7-4668-BE54-9A1E7A4F7556}") = "Sundew.Base", "Sundew.Base\Sundew.Base.csproj", "{3B4B9CE3-8F8A-4BB6-8C8E-B56DB1596C5B}"
EndProject
Project("{9A19103F-16F7-4668-BE54-9A1E7A4F7556}") = "Sundew.Base.UnitTests", "Sundew.Base.UnitTests\Sundew.Base.UnitTests.csproj", "{A494F7AB-6774-4BDB-BDC8-1F3E42D2D75E}"
EndProject
Project("{2150E333-8FDC-42A3-9474-1A3956D46DE8}") = "Solution Items", "Solution Items", "{E8EE9491-AED2-479B-83D0-7A988E284EE8}"
	ProjectSection(SolutionItems) = preProject
		.editorconfig = .editorconfig
		Directory.Build.props = Directory.Build.props
		Directory.Build.targets = Directory.Build.targets
		..\.github\workflows\dotnet.yml = ..\.github\workflows\dotnet.yml
		global.json = global.json
		..\README.md = ..\README.md
	EndProjectSection
EndProject
Project("{9A19103F-16F7-4668-BE54-9A1E7A4F7556}") = "Sundew.Base.Collections", "Sundew.Base.Collections\Sundew.Base.Collections.csproj", "{747EAFB7-B7FB-4F9E-A7E1-F87AF83E8270}"
EndProject
Project("{9A19103F-16F7-4668-BE54-9A1E7A4F7556}") = "Sundew.Base.Disposal", "Sundew.Base.Disposal\Sundew.Base.Disposal.csproj", "{D8C27A92-FB69-42B6-85F5-AB65161FAC9A}"
EndProject
Project("{9A19103F-16F7-4668-BE54-9A1E7A4F7556}") = "Sundew.Base.Equality", "Sundew.Base.Equality\Sundew.Base.Equality.csproj", "{82DDCE6A-C6B7-4B7C-9561-40E7DA562D90}"
EndProject
Project("{9A19103F-16F7-4668-BE54-9A1E7A4F7556}") = "Sundew.Base.Initialization", "Sundew.Base.Initialization\Sundew.Base.Initialization.csproj", "{17246F6B-A622-4DCE-8470-2D5568E2068A}"
EndProject
Project("{9A19103F-16F7-4668-BE54-9A1E7A4F7556}") = "Sundew.Base.Primitives", "Sundew.Base.Primitives\Sundew.Base.Primitives.csproj", "{679FE5FC-7C93-4C6D-B3CB-D1D08AE26D9B}"
EndProject
Project("{9A19103F-16F7-4668-BE54-9A1E7A4F7556}") = "Sundew.Base.Reporting", "Sundew.Base.Reporting\Sundew.Base.Reporting.csproj", "{88570C41-5CDC-40E9-A67B-40CAB20C99B5}"
EndProject
Project("{9A19103F-16F7-4668-BE54-9A1E7A4F7556}") = "Sundew.Base.Text", "Sundew.Base.Text\Sundew.Base.Text.csproj", "{71AE4B4C-B4C7-48ED-A074-425B6A5E5D30}"
EndProject
Project("{9A19103F-16F7-4668-BE54-9A1E7A4F7556}") = "Sundew.Base.Threading", "Sundew.Base.Threading\Sundew.Base.Threading.csproj", "{59AFE5D6-23FE-48C4-B814-C79EA3A49105}"
EndProject
Project("{9A19103F-16F7-4668-BE54-9A1E7A4F7556}") = "Sundew.Base.Timers", "Sundew.Base.Timers\Sundew.Base.Timers.csproj", "{E4742003-1008-44B1-808D-9B7351AAAACA}"
EndProject
Project("{9A19103F-16F7-4668-BE54-9A1E7A4F7556}") = "Sundew.Base.Threading.Jobs", "Sundew.Base.Threading.Jobs\Sundew.Base.Threading.Jobs.csproj", "{0F1F2DE2-B7CA-46B5-9553-05261F6DDE65}"
EndProject
Project("{9A19103F-16F7-4668-BE54-9A1E7A4F7556}") = "Sundew.Base.Memory", "Sundew.Base.Memory\Sundew.Base.Memory.csproj", "{315E373F-AF66-4469-86A9-138BF242F0CC}"
EndProject
Project("{9A19103F-16F7-4668-BE54-9A1E7A4F7556}") = "Sundew.Base.PerformanceTests", "Sundew.Base.PerformanceTests\Sundew.Base.PerformanceTests.csproj", "{A010D62B-1126-4EB3-9A0C-9F8B36533A1E}"
EndProject
Project("{2150E333-8FDC-42A3-9474-1A3956D46DE8}") = "Tests", "Tests", "{55B8E64F-48DE-438B-802A-AFCE4A653220}"
EndProject
Project("{9A19103F-16F7-4668-BE54-9A1E7A4F7556}") = "Sundew.Test.Infrastructure", "Sundew.Test.Infrastructure\Sundew.Test.Infrastructure.csproj", "{67BDE3DB-85F8-45A6-B61D-DF08C92E8746}"
EndProject
Project("{9A19103F-16F7-4668-BE54-9A1E7A4F7556}") = "Sundew.Base.Primitives.Computation", "Sundew.Base.Primitives.Computation\Sundew.Base.Primitives.Computation.csproj", "{1BBA2908-66B0-4361-BEE2-90F444CA9D84}"
EndProject
Project("{9A19103F-16F7-4668-BE54-9A1E7A4F7556}") = "Sundew.Base.Primitives.Numeric", "Sundew.Base.Primitives.Numeric\Sundew.Base.Primitives.Numeric.csproj", "{A6E5F7FE-66E7-49B8-8314-E67BA51F662B}"
EndProject
Project("{9A19103F-16F7-4668-BE54-9A1E7A4F7556}") = "Sundew.Base.Primitives.Time", "Sundew.Base.Primitives.Time\Sundew.Base.Primitives.Time.csproj", "{A4D5EB95-127F-49DD-A5B0-9776D3BC697F}"
EndProject
Project("{9A19103F-16F7-4668-BE54-9A1E7A4F7556}") = "Sundew.Base.Primitives.Visiting", "Sundew.Base.Primitives.Visiting\Sundew.Base.Primitives.Visiting.csproj", "{8E3D01D9-E035-4286-8B31-67694F936CC9}"
EndProject
Global
	GlobalSection(SolutionConfigurationPlatforms) = preSolution
		Debug|Any CPU = Debug|Any CPU
		Debug-Publish|Any CPU = Debug-Publish|Any CPU
		Release|Any CPU = Release|Any CPU
		Release-Publish|Any CPU = Release-Publish|Any CPU
		Release-Stable|Any CPU = Release-Stable|Any CPU
	EndGlobalSection
	GlobalSection(ProjectConfigurationPlatforms) = postSolution
		{3B4B9CE3-8F8A-4BB6-8C8E-B56DB1596C5B}.Debug|Any CPU.ActiveCfg = Debug|Any CPU
		{3B4B9CE3-8F8A-4BB6-8C8E-B56DB1596C5B}.Debug|Any CPU.Build.0 = Debug|Any CPU
		{3B4B9CE3-8F8A-4BB6-8C8E-B56DB1596C5B}.Debug-Publish|Any CPU.ActiveCfg = Debug-Publish|Any CPU
		{3B4B9CE3-8F8A-4BB6-8C8E-B56DB1596C5B}.Debug-Publish|Any CPU.Build.0 = Debug-Publish|Any CPU
		{3B4B9CE3-8F8A-4BB6-8C8E-B56DB1596C5B}.Release|Any CPU.ActiveCfg = Release|Any CPU
		{3B4B9CE3-8F8A-4BB6-8C8E-B56DB1596C5B}.Release|Any CPU.Build.0 = Release|Any CPU
		{3B4B9CE3-8F8A-4BB6-8C8E-B56DB1596C5B}.Release-Publish|Any CPU.ActiveCfg = Release-Publish|Any CPU
		{3B4B9CE3-8F8A-4BB6-8C8E-B56DB1596C5B}.Release-Publish|Any CPU.Build.0 = Release-Publish|Any CPU
		{3B4B9CE3-8F8A-4BB6-8C8E-B56DB1596C5B}.Release-Stable|Any CPU.ActiveCfg = Release-Stable|Any CPU
		{3B4B9CE3-8F8A-4BB6-8C8E-B56DB1596C5B}.Release-Stable|Any CPU.Build.0 = Release-Stable|Any CPU
		{A494F7AB-6774-4BDB-BDC8-1F3E42D2D75E}.Debug|Any CPU.ActiveCfg = Debug|Any CPU
		{A494F7AB-6774-4BDB-BDC8-1F3E42D2D75E}.Debug|Any CPU.Build.0 = Debug|Any CPU
		{A494F7AB-6774-4BDB-BDC8-1F3E42D2D75E}.Debug-Publish|Any CPU.ActiveCfg = Debug-Publish|Any CPU
		{A494F7AB-6774-4BDB-BDC8-1F3E42D2D75E}.Debug-Publish|Any CPU.Build.0 = Debug-Publish|Any CPU
		{A494F7AB-6774-4BDB-BDC8-1F3E42D2D75E}.Release|Any CPU.ActiveCfg = Release|Any CPU
		{A494F7AB-6774-4BDB-BDC8-1F3E42D2D75E}.Release|Any CPU.Build.0 = Release|Any CPU
		{A494F7AB-6774-4BDB-BDC8-1F3E42D2D75E}.Release-Publish|Any CPU.ActiveCfg = Release-Publish|Any CPU
		{A494F7AB-6774-4BDB-BDC8-1F3E42D2D75E}.Release-Publish|Any CPU.Build.0 = Release-Publish|Any CPU
		{A494F7AB-6774-4BDB-BDC8-1F3E42D2D75E}.Release-Stable|Any CPU.ActiveCfg = Release-Stable|Any CPU
		{A494F7AB-6774-4BDB-BDC8-1F3E42D2D75E}.Release-Stable|Any CPU.Build.0 = Release-Stable|Any CPU
		{747EAFB7-B7FB-4F9E-A7E1-F87AF83E8270}.Debug|Any CPU.ActiveCfg = Debug|Any CPU
		{747EAFB7-B7FB-4F9E-A7E1-F87AF83E8270}.Debug|Any CPU.Build.0 = Debug|Any CPU
		{747EAFB7-B7FB-4F9E-A7E1-F87AF83E8270}.Debug-Publish|Any CPU.ActiveCfg = Debug-Publish|Any CPU
		{747EAFB7-B7FB-4F9E-A7E1-F87AF83E8270}.Debug-Publish|Any CPU.Build.0 = Debug-Publish|Any CPU
		{747EAFB7-B7FB-4F9E-A7E1-F87AF83E8270}.Release|Any CPU.ActiveCfg = Release|Any CPU
		{747EAFB7-B7FB-4F9E-A7E1-F87AF83E8270}.Release|Any CPU.Build.0 = Release|Any CPU
		{747EAFB7-B7FB-4F9E-A7E1-F87AF83E8270}.Release-Publish|Any CPU.ActiveCfg = Release-Publish|Any CPU
		{747EAFB7-B7FB-4F9E-A7E1-F87AF83E8270}.Release-Publish|Any CPU.Build.0 = Release-Publish|Any CPU
		{747EAFB7-B7FB-4F9E-A7E1-F87AF83E8270}.Release-Stable|Any CPU.ActiveCfg = Release-Stable|Any CPU
		{747EAFB7-B7FB-4F9E-A7E1-F87AF83E8270}.Release-Stable|Any CPU.Build.0 = Release-Stable|Any CPU
		{D8C27A92-FB69-42B6-85F5-AB65161FAC9A}.Debug|Any CPU.ActiveCfg = Debug|Any CPU
		{D8C27A92-FB69-42B6-85F5-AB65161FAC9A}.Debug|Any CPU.Build.0 = Debug|Any CPU
		{D8C27A92-FB69-42B6-85F5-AB65161FAC9A}.Debug-Publish|Any CPU.ActiveCfg = Debug-Publish|Any CPU
		{D8C27A92-FB69-42B6-85F5-AB65161FAC9A}.Debug-Publish|Any CPU.Build.0 = Debug-Publish|Any CPU
		{D8C27A92-FB69-42B6-85F5-AB65161FAC9A}.Release|Any CPU.ActiveCfg = Release|Any CPU
		{D8C27A92-FB69-42B6-85F5-AB65161FAC9A}.Release|Any CPU.Build.0 = Release|Any CPU
		{D8C27A92-FB69-42B6-85F5-AB65161FAC9A}.Release-Publish|Any CPU.ActiveCfg = Release-Publish|Any CPU
		{D8C27A92-FB69-42B6-85F5-AB65161FAC9A}.Release-Publish|Any CPU.Build.0 = Release-Publish|Any CPU
		{D8C27A92-FB69-42B6-85F5-AB65161FAC9A}.Release-Stable|Any CPU.ActiveCfg = Release-Stable|Any CPU
		{D8C27A92-FB69-42B6-85F5-AB65161FAC9A}.Release-Stable|Any CPU.Build.0 = Release-Stable|Any CPU
		{82DDCE6A-C6B7-4B7C-9561-40E7DA562D90}.Debug|Any CPU.ActiveCfg = Debug|Any CPU
		{82DDCE6A-C6B7-4B7C-9561-40E7DA562D90}.Debug|Any CPU.Build.0 = Debug|Any CPU
		{82DDCE6A-C6B7-4B7C-9561-40E7DA562D90}.Debug-Publish|Any CPU.ActiveCfg = Debug-Publish|Any CPU
		{82DDCE6A-C6B7-4B7C-9561-40E7DA562D90}.Debug-Publish|Any CPU.Build.0 = Debug-Publish|Any CPU
		{82DDCE6A-C6B7-4B7C-9561-40E7DA562D90}.Release|Any CPU.ActiveCfg = Release|Any CPU
		{82DDCE6A-C6B7-4B7C-9561-40E7DA562D90}.Release|Any CPU.Build.0 = Release|Any CPU
		{82DDCE6A-C6B7-4B7C-9561-40E7DA562D90}.Release-Publish|Any CPU.ActiveCfg = Release-Publish|Any CPU
		{82DDCE6A-C6B7-4B7C-9561-40E7DA562D90}.Release-Publish|Any CPU.Build.0 = Release-Publish|Any CPU
		{82DDCE6A-C6B7-4B7C-9561-40E7DA562D90}.Release-Stable|Any CPU.ActiveCfg = Release-Stable|Any CPU
		{82DDCE6A-C6B7-4B7C-9561-40E7DA562D90}.Release-Stable|Any CPU.Build.0 = Release-Stable|Any CPU
		{17246F6B-A622-4DCE-8470-2D5568E2068A}.Debug|Any CPU.ActiveCfg = Debug|Any CPU
		{17246F6B-A622-4DCE-8470-2D5568E2068A}.Debug|Any CPU.Build.0 = Debug|Any CPU
		{17246F6B-A622-4DCE-8470-2D5568E2068A}.Debug-Publish|Any CPU.ActiveCfg = Debug-Publish|Any CPU
		{17246F6B-A622-4DCE-8470-2D5568E2068A}.Debug-Publish|Any CPU.Build.0 = Debug-Publish|Any CPU
		{17246F6B-A622-4DCE-8470-2D5568E2068A}.Release|Any CPU.ActiveCfg = Release|Any CPU
		{17246F6B-A622-4DCE-8470-2D5568E2068A}.Release|Any CPU.Build.0 = Release|Any CPU
		{17246F6B-A622-4DCE-8470-2D5568E2068A}.Release-Publish|Any CPU.ActiveCfg = Release-Publish|Any CPU
		{17246F6B-A622-4DCE-8470-2D5568E2068A}.Release-Publish|Any CPU.Build.0 = Release-Publish|Any CPU
		{17246F6B-A622-4DCE-8470-2D5568E2068A}.Release-Stable|Any CPU.ActiveCfg = Release-Stable|Any CPU
		{17246F6B-A622-4DCE-8470-2D5568E2068A}.Release-Stable|Any CPU.Build.0 = Release-Stable|Any CPU
		{679FE5FC-7C93-4C6D-B3CB-D1D08AE26D9B}.Debug|Any CPU.ActiveCfg = Debug|Any CPU
		{679FE5FC-7C93-4C6D-B3CB-D1D08AE26D9B}.Debug|Any CPU.Build.0 = Debug|Any CPU
		{679FE5FC-7C93-4C6D-B3CB-D1D08AE26D9B}.Debug-Publish|Any CPU.ActiveCfg = Debug-Publish|Any CPU
		{679FE5FC-7C93-4C6D-B3CB-D1D08AE26D9B}.Debug-Publish|Any CPU.Build.0 = Debug-Publish|Any CPU
		{679FE5FC-7C93-4C6D-B3CB-D1D08AE26D9B}.Release|Any CPU.ActiveCfg = Release|Any CPU
		{679FE5FC-7C93-4C6D-B3CB-D1D08AE26D9B}.Release|Any CPU.Build.0 = Release|Any CPU
		{679FE5FC-7C93-4C6D-B3CB-D1D08AE26D9B}.Release-Publish|Any CPU.ActiveCfg = Release-Publish|Any CPU
		{679FE5FC-7C93-4C6D-B3CB-D1D08AE26D9B}.Release-Publish|Any CPU.Build.0 = Release-Publish|Any CPU
		{679FE5FC-7C93-4C6D-B3CB-D1D08AE26D9B}.Release-Stable|Any CPU.ActiveCfg = Release-Stable|Any CPU
		{679FE5FC-7C93-4C6D-B3CB-D1D08AE26D9B}.Release-Stable|Any CPU.Build.0 = Release-Stable|Any CPU
		{88570C41-5CDC-40E9-A67B-40CAB20C99B5}.Debug|Any CPU.ActiveCfg = Debug|Any CPU
		{88570C41-5CDC-40E9-A67B-40CAB20C99B5}.Debug|Any CPU.Build.0 = Debug|Any CPU
		{88570C41-5CDC-40E9-A67B-40CAB20C99B5}.Debug-Publish|Any CPU.ActiveCfg = Debug-Publish|Any CPU
		{88570C41-5CDC-40E9-A67B-40CAB20C99B5}.Debug-Publish|Any CPU.Build.0 = Debug-Publish|Any CPU
		{88570C41-5CDC-40E9-A67B-40CAB20C99B5}.Release|Any CPU.ActiveCfg = Release|Any CPU
		{88570C41-5CDC-40E9-A67B-40CAB20C99B5}.Release|Any CPU.Build.0 = Release|Any CPU
		{88570C41-5CDC-40E9-A67B-40CAB20C99B5}.Release-Publish|Any CPU.ActiveCfg = Release-Publish|Any CPU
		{88570C41-5CDC-40E9-A67B-40CAB20C99B5}.Release-Publish|Any CPU.Build.0 = Release-Publish|Any CPU
		{88570C41-5CDC-40E9-A67B-40CAB20C99B5}.Release-Stable|Any CPU.ActiveCfg = Release-Stable|Any CPU
		{88570C41-5CDC-40E9-A67B-40CAB20C99B5}.Release-Stable|Any CPU.Build.0 = Release-Stable|Any CPU
		{71AE4B4C-B4C7-48ED-A074-425B6A5E5D30}.Debug|Any CPU.ActiveCfg = Debug|Any CPU
		{71AE4B4C-B4C7-48ED-A074-425B6A5E5D30}.Debug|Any CPU.Build.0 = Debug|Any CPU
		{71AE4B4C-B4C7-48ED-A074-425B6A5E5D30}.Debug-Publish|Any CPU.ActiveCfg = Debug-Publish|Any CPU
		{71AE4B4C-B4C7-48ED-A074-425B6A5E5D30}.Debug-Publish|Any CPU.Build.0 = Debug-Publish|Any CPU
		{71AE4B4C-B4C7-48ED-A074-425B6A5E5D30}.Release|Any CPU.ActiveCfg = Release|Any CPU
		{71AE4B4C-B4C7-48ED-A074-425B6A5E5D30}.Release|Any CPU.Build.0 = Release|Any CPU
		{71AE4B4C-B4C7-48ED-A074-425B6A5E5D30}.Release-Publish|Any CPU.ActiveCfg = Release-Publish|Any CPU
		{71AE4B4C-B4C7-48ED-A074-425B6A5E5D30}.Release-Publish|Any CPU.Build.0 = Release-Publish|Any CPU
		{71AE4B4C-B4C7-48ED-A074-425B6A5E5D30}.Release-Stable|Any CPU.ActiveCfg = Release-Stable|Any CPU
		{71AE4B4C-B4C7-48ED-A074-425B6A5E5D30}.Release-Stable|Any CPU.Build.0 = Release-Stable|Any CPU
		{59AFE5D6-23FE-48C4-B814-C79EA3A49105}.Debug|Any CPU.ActiveCfg = Debug|Any CPU
		{59AFE5D6-23FE-48C4-B814-C79EA3A49105}.Debug|Any CPU.Build.0 = Debug|Any CPU
		{59AFE5D6-23FE-48C4-B814-C79EA3A49105}.Debug-Publish|Any CPU.ActiveCfg = Debug-Publish|Any CPU
		{59AFE5D6-23FE-48C4-B814-C79EA3A49105}.Debug-Publish|Any CPU.Build.0 = Debug-Publish|Any CPU
		{59AFE5D6-23FE-48C4-B814-C79EA3A49105}.Release|Any CPU.ActiveCfg = Release|Any CPU
		{59AFE5D6-23FE-48C4-B814-C79EA3A49105}.Release|Any CPU.Build.0 = Release|Any CPU
		{59AFE5D6-23FE-48C4-B814-C79EA3A49105}.Release-Publish|Any CPU.ActiveCfg = Release-Publish|Any CPU
		{59AFE5D6-23FE-48C4-B814-C79EA3A49105}.Release-Publish|Any CPU.Build.0 = Release-Publish|Any CPU
		{59AFE5D6-23FE-48C4-B814-C79EA3A49105}.Release-Stable|Any CPU.ActiveCfg = Release-Stable|Any CPU
		{59AFE5D6-23FE-48C4-B814-C79EA3A49105}.Release-Stable|Any CPU.Build.0 = Release-Stable|Any CPU
		{E4742003-1008-44B1-808D-9B7351AAAACA}.Debug|Any CPU.ActiveCfg = Debug|Any CPU
		{E4742003-1008-44B1-808D-9B7351AAAACA}.Debug|Any CPU.Build.0 = Debug|Any CPU
		{E4742003-1008-44B1-808D-9B7351AAAACA}.Debug-Publish|Any CPU.ActiveCfg = Debug-Publish|Any CPU
		{E4742003-1008-44B1-808D-9B7351AAAACA}.Debug-Publish|Any CPU.Build.0 = Debug-Publish|Any CPU
		{E4742003-1008-44B1-808D-9B7351AAAACA}.Release|Any CPU.ActiveCfg = Release|Any CPU
		{E4742003-1008-44B1-808D-9B7351AAAACA}.Release|Any CPU.Build.0 = Release|Any CPU
		{E4742003-1008-44B1-808D-9B7351AAAACA}.Release-Publish|Any CPU.ActiveCfg = Release-Publish|Any CPU
		{E4742003-1008-44B1-808D-9B7351AAAACA}.Release-Publish|Any CPU.Build.0 = Release-Publish|Any CPU
		{E4742003-1008-44B1-808D-9B7351AAAACA}.Release-Stable|Any CPU.ActiveCfg = Release-Stable|Any CPU
		{E4742003-1008-44B1-808D-9B7351AAAACA}.Release-Stable|Any CPU.Build.0 = Release-Stable|Any CPU
		{0F1F2DE2-B7CA-46B5-9553-05261F6DDE65}.Debug|Any CPU.ActiveCfg = Debug|Any CPU
		{0F1F2DE2-B7CA-46B5-9553-05261F6DDE65}.Debug|Any CPU.Build.0 = Debug|Any CPU
		{0F1F2DE2-B7CA-46B5-9553-05261F6DDE65}.Debug-Publish|Any CPU.ActiveCfg = Debug-Publish|Any CPU
		{0F1F2DE2-B7CA-46B5-9553-05261F6DDE65}.Debug-Publish|Any CPU.Build.0 = Debug-Publish|Any CPU
		{0F1F2DE2-B7CA-46B5-9553-05261F6DDE65}.Release|Any CPU.ActiveCfg = Release|Any CPU
		{0F1F2DE2-B7CA-46B5-9553-05261F6DDE65}.Release|Any CPU.Build.0 = Release|Any CPU
		{0F1F2DE2-B7CA-46B5-9553-05261F6DDE65}.Release-Publish|Any CPU.ActiveCfg = Release-Publish|Any CPU
		{0F1F2DE2-B7CA-46B5-9553-05261F6DDE65}.Release-Publish|Any CPU.Build.0 = Release-Publish|Any CPU
		{0F1F2DE2-B7CA-46B5-9553-05261F6DDE65}.Release-Stable|Any CPU.ActiveCfg = Release-Stable|Any CPU
		{0F1F2DE2-B7CA-46B5-9553-05261F6DDE65}.Release-Stable|Any CPU.Build.0 = Release-Stable|Any CPU
		{315E373F-AF66-4469-86A9-138BF242F0CC}.Debug|Any CPU.ActiveCfg = Debug|Any CPU
		{315E373F-AF66-4469-86A9-138BF242F0CC}.Debug|Any CPU.Build.0 = Debug|Any CPU
		{315E373F-AF66-4469-86A9-138BF242F0CC}.Debug-Publish|Any CPU.ActiveCfg = Debug-Publish|Any CPU
		{315E373F-AF66-4469-86A9-138BF242F0CC}.Debug-Publish|Any CPU.Build.0 = Debug-Publish|Any CPU
		{315E373F-AF66-4469-86A9-138BF242F0CC}.Release|Any CPU.ActiveCfg = Release|Any CPU
		{315E373F-AF66-4469-86A9-138BF242F0CC}.Release|Any CPU.Build.0 = Release|Any CPU
		{315E373F-AF66-4469-86A9-138BF242F0CC}.Release-Publish|Any CPU.ActiveCfg = Release-Publish|Any CPU
		{315E373F-AF66-4469-86A9-138BF242F0CC}.Release-Publish|Any CPU.Build.0 = Release-Publish|Any CPU
		{315E373F-AF66-4469-86A9-138BF242F0CC}.Release-Stable|Any CPU.ActiveCfg = Release-Stable|Any CPU
		{315E373F-AF66-4469-86A9-138BF242F0CC}.Release-Stable|Any CPU.Build.0 = Release-Stable|Any CPU
		{A010D62B-1126-4EB3-9A0C-9F8B36533A1E}.Debug|Any CPU.ActiveCfg = Debug|Any CPU
		{A010D62B-1126-4EB3-9A0C-9F8B36533A1E}.Debug|Any CPU.Build.0 = Debug|Any CPU
		{A010D62B-1126-4EB3-9A0C-9F8B36533A1E}.Debug-Publish|Any CPU.ActiveCfg = Debug|Any CPU
		{A010D62B-1126-4EB3-9A0C-9F8B36533A1E}.Debug-Publish|Any CPU.Build.0 = Debug|Any CPU
		{A010D62B-1126-4EB3-9A0C-9F8B36533A1E}.Release|Any CPU.ActiveCfg = Release|Any CPU
		{A010D62B-1126-4EB3-9A0C-9F8B36533A1E}.Release|Any CPU.Build.0 = Release|Any CPU
		{A010D62B-1126-4EB3-9A0C-9F8B36533A1E}.Release-Publish|Any CPU.ActiveCfg = Release|Any CPU
		{A010D62B-1126-4EB3-9A0C-9F8B36533A1E}.Release-Publish|Any CPU.Build.0 = Release|Any CPU
		{A010D62B-1126-4EB3-9A0C-9F8B36533A1E}.Release-Stable|Any CPU.ActiveCfg = Release-Stable|Any CPU
		{A010D62B-1126-4EB3-9A0C-9F8B36533A1E}.Release-Stable|Any CPU.Build.0 = Release-Stable|Any CPU
		{67BDE3DB-85F8-45A6-B61D-DF08C92E8746}.Debug|Any CPU.ActiveCfg = Debug|Any CPU
		{67BDE3DB-85F8-45A6-B61D-DF08C92E8746}.Debug|Any CPU.Build.0 = Debug|Any CPU
		{67BDE3DB-85F8-45A6-B61D-DF08C92E8746}.Debug-Publish|Any CPU.ActiveCfg = Debug-Publish|Any CPU
		{67BDE3DB-85F8-45A6-B61D-DF08C92E8746}.Debug-Publish|Any CPU.Build.0 = Debug-Publish|Any CPU
		{67BDE3DB-85F8-45A6-B61D-DF08C92E8746}.Release|Any CPU.ActiveCfg = Release|Any CPU
		{67BDE3DB-85F8-45A6-B61D-DF08C92E8746}.Release|Any CPU.Build.0 = Release|Any CPU
		{67BDE3DB-85F8-45A6-B61D-DF08C92E8746}.Release-Publish|Any CPU.ActiveCfg = Release-Publish|Any CPU
		{67BDE3DB-85F8-45A6-B61D-DF08C92E8746}.Release-Publish|Any CPU.Build.0 = Release-Publish|Any CPU
		{67BDE3DB-85F8-45A6-B61D-DF08C92E8746}.Release-Stable|Any CPU.ActiveCfg = Release-Stable|Any CPU
		{67BDE3DB-85F8-45A6-B61D-DF08C92E8746}.Release-Stable|Any CPU.Build.0 = Release-Stable|Any CPU
		{1BBA2908-66B0-4361-BEE2-90F444CA9D84}.Debug|Any CPU.ActiveCfg = Debug|Any CPU
		{1BBA2908-66B0-4361-BEE2-90F444CA9D84}.Debug|Any CPU.Build.0 = Debug|Any CPU
		{1BBA2908-66B0-4361-BEE2-90F444CA9D84}.Debug-Publish|Any CPU.ActiveCfg = Debug-Publish|Any CPU
		{1BBA2908-66B0-4361-BEE2-90F444CA9D84}.Debug-Publish|Any CPU.Build.0 = Debug-Publish|Any CPU
		{1BBA2908-66B0-4361-BEE2-90F444CA9D84}.Release|Any CPU.ActiveCfg = Release|Any CPU
		{1BBA2908-66B0-4361-BEE2-90F444CA9D84}.Release|Any CPU.Build.0 = Release|Any CPU
		{1BBA2908-66B0-4361-BEE2-90F444CA9D84}.Release-Publish|Any CPU.ActiveCfg = Release-Publish|Any CPU
		{1BBA2908-66B0-4361-BEE2-90F444CA9D84}.Release-Publish|Any CPU.Build.0 = Release-Publish|Any CPU
		{1BBA2908-66B0-4361-BEE2-90F444CA9D84}.Release-Stable|Any CPU.ActiveCfg = Release-Stable|Any CPU
		{1BBA2908-66B0-4361-BEE2-90F444CA9D84}.Release-Stable|Any CPU.Build.0 = Release-Stable|Any CPU
		{A6E5F7FE-66E7-49B8-8314-E67BA51F662B}.Debug|Any CPU.ActiveCfg = Debug|Any CPU
		{A6E5F7FE-66E7-49B8-8314-E67BA51F662B}.Debug|Any CPU.Build.0 = Debug|Any CPU
		{A6E5F7FE-66E7-49B8-8314-E67BA51F662B}.Debug-Publish|Any CPU.ActiveCfg = Debug-Publish|Any CPU
		{A6E5F7FE-66E7-49B8-8314-E67BA51F662B}.Debug-Publish|Any CPU.Build.0 = Debug-Publish|Any CPU
		{A6E5F7FE-66E7-49B8-8314-E67BA51F662B}.Release|Any CPU.ActiveCfg = Release|Any CPU
		{A6E5F7FE-66E7-49B8-8314-E67BA51F662B}.Release|Any CPU.Build.0 = Release|Any CPU
		{A6E5F7FE-66E7-49B8-8314-E67BA51F662B}.Release-Publish|Any CPU.ActiveCfg = Release-Publish|Any CPU
		{A6E5F7FE-66E7-49B8-8314-E67BA51F662B}.Release-Publish|Any CPU.Build.0 = Release-Publish|Any CPU
		{A6E5F7FE-66E7-49B8-8314-E67BA51F662B}.Release-Stable|Any CPU.ActiveCfg = Release-Stable|Any CPU
		{A6E5F7FE-66E7-49B8-8314-E67BA51F662B}.Release-Stable|Any CPU.Build.0 = Release-Stable|Any CPU
		{A4D5EB95-127F-49DD-A5B0-9776D3BC697F}.Debug|Any CPU.ActiveCfg = Debug|Any CPU
		{A4D5EB95-127F-49DD-A5B0-9776D3BC697F}.Debug|Any CPU.Build.0 = Debug|Any CPU
		{A4D5EB95-127F-49DD-A5B0-9776D3BC697F}.Debug-Publish|Any CPU.ActiveCfg = Debug-Publish|Any CPU
		{A4D5EB95-127F-49DD-A5B0-9776D3BC697F}.Debug-Publish|Any CPU.Build.0 = Debug-Publish|Any CPU
		{A4D5EB95-127F-49DD-A5B0-9776D3BC697F}.Release|Any CPU.ActiveCfg = Release|Any CPU
		{A4D5EB95-127F-49DD-A5B0-9776D3BC697F}.Release|Any CPU.Build.0 = Release|Any CPU
		{A4D5EB95-127F-49DD-A5B0-9776D3BC697F}.Release-Publish|Any CPU.ActiveCfg = Release-Publish|Any CPU
		{A4D5EB95-127F-49DD-A5B0-9776D3BC697F}.Release-Publish|Any CPU.Build.0 = Release-Publish|Any CPU
		{A4D5EB95-127F-49DD-A5B0-9776D3BC697F}.Release-Stable|Any CPU.ActiveCfg = Release-Stable|Any CPU
		{A4D5EB95-127F-49DD-A5B0-9776D3BC697F}.Release-Stable|Any CPU.Build.0 = Release-Stable|Any CPU
		{8E3D01D9-E035-4286-8B31-67694F936CC9}.Debug|Any CPU.ActiveCfg = Debug|Any CPU
		{8E3D01D9-E035-4286-8B31-67694F936CC9}.Debug|Any CPU.Build.0 = Debug|Any CPU
		{8E3D01D9-E035-4286-8B31-67694F936CC9}.Debug-Publish|Any CPU.ActiveCfg = Debug-Publish|Any CPU
		{8E3D01D9-E035-4286-8B31-67694F936CC9}.Debug-Publish|Any CPU.Build.0 = Debug-Publish|Any CPU
		{8E3D01D9-E035-4286-8B31-67694F936CC9}.Release|Any CPU.ActiveCfg = Release|Any CPU
		{8E3D01D9-E035-4286-8B31-67694F936CC9}.Release|Any CPU.Build.0 = Release|Any CPU
		{8E3D01D9-E035-4286-8B31-67694F936CC9}.Release-Publish|Any CPU.ActiveCfg = Release-Publish|Any CPU
		{8E3D01D9-E035-4286-8B31-67694F936CC9}.Release-Publish|Any CPU.Build.0 = Release-Publish|Any CPU
		{8E3D01D9-E035-4286-8B31-67694F936CC9}.Release-Stable|Any CPU.ActiveCfg = Release-Stable|Any CPU
		{8E3D01D9-E035-4286-8B31-67694F936CC9}.Release-Stable|Any CPU.Build.0 = Release-Stable|Any CPU
	EndGlobalSection
	GlobalSection(SolutionProperties) = preSolution
		HideSolutionNode = FALSE
	EndGlobalSection
	GlobalSection(NestedProjects) = preSolution
		{A494F7AB-6774-4BDB-BDC8-1F3E42D2D75E} = {55B8E64F-48DE-438B-802A-AFCE4A653220}
		{A010D62B-1126-4EB3-9A0C-9F8B36533A1E} = {55B8E64F-48DE-438B-802A-AFCE4A653220}
		{67BDE3DB-85F8-45A6-B61D-DF08C92E8746} = {55B8E64F-48DE-438B-802A-AFCE4A653220}
	EndGlobalSection
	GlobalSection(ExtensibilityGlobals) = postSolution
		SolutionGuid = {8CF8288F-56DB-43C6-A24A-314681963A4D}
	EndGlobalSection
EndGlobal
